
Microsoft Visual Studio Solution File, Format Version 12.00
# Visual Studio Version 17
VisualStudioVersion = 17.6.33829.357
MinimumVisualStudioVersion = 10.0.40219.1
Project("{2150E333-8FDC-42A3-9474-1A3956D46DE8}") = "src", "src", "{EFC1996E-9497-4C07-9D18-D8D8E3C4F5D0}"
EndProject
Project("{2150E333-8FDC-42A3-9474-1A3956D46DE8}") = "Services", "Services", "{142A0621-55D5-4566-AE83-3411E851FF80}"
EndProject
Project("{9A19103F-16F7-4668-BE54-9A1E7A4F7556}") = "App.Application", "src\App.Application\App.Application.csproj", "{795F5F05-4592-4F14-866B-5E94855BDD90}"
EndProject
Project("{9A19103F-16F7-4668-BE54-9A1E7A4F7556}") = "App.Domain", "src\App.Domain\App.Domain.csproj", "{FD7707AB-D1D6-4D2D-A9BE-5097D0D2043F}"
EndProject
Project("{9A19103F-16F7-4668-BE54-9A1E7A4F7556}") = "App.Infrastructure", "src\App.Infrastructure\App.Infrastructure.csproj", "{CAD0A027-3C92-4A3B-9E67-5880DD121560}"
EndProject
Project("{9A19103F-16F7-4668-BE54-9A1E7A4F7556}") = "NewsAPI", "src\Services\NewsAPI\NewsAPI.csproj", "{38F5095B-7CE7-4F5C-8DBC-9A92D2CFD5A0}"
EndProject
Project("{9A19103F-16F7-4668-BE54-9A1E7A4F7556}") = "Mapper", "src\Services\NewsMapper\Mapper.csproj", "{56CAFB91-2D85-440C-A1ED-3599FC18A517}"
EndProject
Project("{FAE04EC0-301F-11D3-BF4B-00C04F79EFBC}") = "NewsAPITest", "tests\TestProject1\NewsAPITest.csproj", "{C648417A-CAF2-4A58-9DF2-F9C3C8062316}"
EndProject
Global
	GlobalSection(SolutionConfigurationPlatforms) = preSolution
		Debug|Any CPU = Debug|Any CPU
		Release|Any CPU = Release|Any CPU
	EndGlobalSection
	GlobalSection(ProjectConfigurationPlatforms) = postSolution
		{795F5F05-4592-4F14-866B-5E94855BDD90}.Debug|Any CPU.ActiveCfg = Debug|Any CPU
		{795F5F05-4592-4F14-866B-5E94855BDD90}.Debug|Any CPU.Build.0 = Debug|Any CPU
		{795F5F05-4592-4F14-866B-5E94855BDD90}.Release|Any CPU.ActiveCfg = Release|Any CPU
		{795F5F05-4592-4F14-866B-5E94855BDD90}.Release|Any CPU.Build.0 = Release|Any CPU
		{FD7707AB-D1D6-4D2D-A9BE-5097D0D2043F}.Debug|Any CPU.ActiveCfg = Debug|Any CPU
		{FD7707AB-D1D6-4D2D-A9BE-5097D0D2043F}.Debug|Any CPU.Build.0 = Debug|Any CPU
		{FD7707AB-D1D6-4D2D-A9BE-5097D0D2043F}.Release|Any CPU.ActiveCfg = Release|Any CPU
		{FD7707AB-D1D6-4D2D-A9BE-5097D0D2043F}.Release|Any CPU.Build.0 = Release|Any CPU
		{CAD0A027-3C92-4A3B-9E67-5880DD121560}.Debug|Any CPU.ActiveCfg = Debug|Any CPU
		{CAD0A027-3C92-4A3B-9E67-5880DD121560}.Debug|Any CPU.Build.0 = Debug|Any CPU
		{CAD0A027-3C92-4A3B-9E67-5880DD121560}.Release|Any CPU.ActiveCfg = Release|Any CPU
		{CAD0A027-3C92-4A3B-9E67-5880DD121560}.Release|Any CPU.Build.0 = Release|Any CPU
		{38F5095B-7CE7-4F5C-8DBC-9A92D2CFD5A0}.Debug|Any CPU.ActiveCfg = Debug|Any CPU
		{38F5095B-7CE7-4F5C-8DBC-9A92D2CFD5A0}.Debug|Any CPU.Build.0 = Debug|Any CPU
		{38F5095B-7CE7-4F5C-8DBC-9A92D2CFD5A0}.Release|Any CPU.ActiveCfg = Release|Any CPU
		{38F5095B-7CE7-4F5C-8DBC-9A92D2CFD5A0}.Release|Any CPU.Build.0 = Release|Any CPU
		{56CAFB91-2D85-440C-A1ED-3599FC18A517}.Debug|Any CPU.ActiveCfg = Debug|Any CPU
		{56CAFB91-2D85-440C-A1ED-3599FC18A517}.Debug|Any CPU.Build.0 = Debug|Any CPU
		{56CAFB91-2D85-440C-A1ED-3599FC18A517}.Release|Any CPU.ActiveCfg = Release|Any CPU
		{56CAFB91-2D85-440C-A1ED-3599FC18A517}.Release|Any CPU.Build.0 = Release|Any CPU
		{C648417A-CAF2-4A58-9DF2-F9C3C8062316}.Debug|Any CPU.ActiveCfg = Debug|Any CPU
		{C648417A-CAF2-4A58-9DF2-F9C3C8062316}.Debug|Any CPU.Build.0 = Debug|Any CPU
		{C648417A-CAF2-4A58-9DF2-F9C3C8062316}.Release|Any CPU.ActiveCfg = Release|Any CPU
		{C648417A-CAF2-4A58-9DF2-F9C3C8062316}.Release|Any CPU.Build.0 = Release|Any CPU
	EndGlobalSection
	GlobalSection(SolutionProperties) = preSolution
		HideSolutionNode = FALSE
	EndGlobalSection
	GlobalSection(NestedProjects) = preSolution
		{142A0621-55D5-4566-AE83-3411E851FF80} = {EFC1996E-9497-4C07-9D18-D8D8E3C4F5D0}
		{795F5F05-4592-4F14-866B-5E94855BDD90} = {EFC1996E-9497-4C07-9D18-D8D8E3C4F5D0}
		{FD7707AB-D1D6-4D2D-A9BE-5097D0D2043F} = {EFC1996E-9497-4C07-9D18-D8D8E3C4F5D0}
		{CAD0A027-3C92-4A3B-9E67-5880DD121560} = {EFC1996E-9497-4C07-9D18-D8D8E3C4F5D0}
		{38F5095B-7CE7-4F5C-8DBC-9A92D2CFD5A0} = {142A0621-55D5-4566-AE83-3411E851FF80}
		{56CAFB91-2D85-440C-A1ED-3599FC18A517} = {142A0621-55D5-4566-AE83-3411E851FF80}
	EndGlobalSection
	GlobalSection(ExtensibilityGlobals) = postSolution
		SolutionGuid = {65ABEC5F-3D40-42E5-AB7A-1C0FA11A7E2B}
	EndGlobalSection
EndGlobal
